apiVersion: vendir.k14s.io/v1alpha1
directories:
- contents:
  - githubRelease:
      tag: v0.10.1
      url: https://api.github.com/repos/pivotal/kpack/releases/95236881
    path: kpack
  - githubRelease:
      tag: v0.3.0
      url: https://api.github.com/repos/servicebinding/runtime/releases/91631479
    path: service-binding
  - githubRelease:
      tag: v0.6.3
      url: https://api.github.com/repos/kubernetes-sigs/metrics-server/releases/96339759
    path: metrics-server-local
  - githubRelease:
      tag: v1.11.1
      url: https://api.github.com/repos/cert-manager/cert-manager/releases/98569452
    path: cert-manager
  - git:
      commitTitle: Update Contour Docker image to v1.24.3....
      sha: eaebf8babeccca49d8ccbd700faa51fbae0c5936
      tags:
      - v1.24.3
    path: contour
  path: vendor
- contents:
  - git:
      commitTitle: Fix CatsConfig and config...
      sha: eeadb781ea7dd0a84474c83fb5c72258821ab44c
      tags:
      - v12.1.0
    path: .
  path: e2e/assets/vendored/node
- contents:
  - git:
      commitTitle: Fix CatsConfig and config...
      sha: eeadb781ea7dd0a84474c83fb5c72258821ab44c
      tags:
      - v12.1.0
    path: .
  path: e2e/assets/vendored/dora
kind: LockConfig
