apiVersion: vendir.k14s.io/v1alpha1
directories:
- contents:
  - githubRelease:
      tag: v0.16.1
      url: https://api.github.com/repos/buildpacks-community/kpack/releases/195230921
    path: kpack
  - githubRelease:
      tag: v0.7.2
      url: https://api.github.com/repos/kubernetes-sigs/metrics-server/releases/172217562
    path: metrics-server-local
  - githubRelease:
      tag: v1.17.1
      url: https://api.github.com/repos/cert-manager/cert-manager/releases/200080066
    path: cert-manager
  - git:
      commitTitle: Update Contour Docker image to v1.30.2....
      sha: 6a5021dd96f7e1fe1b5859ee7632e8794328c396
      tags:
      - v1.30.2
    path: contour
  - githubRelease:
      tag: v1.2.1
      url: https://api.github.com/repos/kubernetes-sigs/gateway-api/releases/188208381
    path: gateway-api
  path: vendor
kind: LockConfig
