apiVersion: vendir.k14s.io/v1alpha1
directories:
- contents:
  - githubRelease:
      tag: v0.17.0
      url: https://api.github.com/repos/buildpacks-community/kpack/releases/213128352
    path: kpack
  - githubRelease:
      tag: v0.7.2
      url: https://api.github.com/repos/kubernetes-sigs/metrics-server/releases/172217562
    path: metrics-server-local
  - githubRelease:
      tag: v1.17.2
      url: https://api.github.com/repos/cert-manager/cert-manager/releases/214449497
    path: cert-manager
  - git:
      commitTitle: Update Contour Docker image to v1.31.0....
      sha: 86c31bcebdc5c99d2d5f0b0bcc13126425212949
      tags:
      - v1.31.0
    path: contour
  - githubRelease:
      tag: v1.3.0
      url: https://api.github.com/repos/kubernetes-sigs/gateway-api/releases/214381245
    path: gateway-api
  path: vendor
kind: LockConfig
