apiVersion: vendir.k14s.io/v1alpha1
directories:
- contents:
  - git:
      commitTitle: Fix RBAC issues with CFBuild Controller (#79)...
      sha: 671a78a1a8cb9dacd38effcd6cdb9c7fc33fac48
    path: cf-k8s-controllers
  - git:
      commitTitle: 'Merge pull request #67 from minchao/patch-1...'
      sha: de12632263ca53b81c52df3e60bdee688fff3ea1
      tags:
      - hnc-v0.8.0-rc1-68-gde126322
    path: hierarchical-namespaces
  path: vendor
kind: LockConfig
