dependencies:
- name: controllers
  repository: file://../controllers
  version: 0.1.0
- name: api
  repository: file://../api
  version: 0.1.0
- name: statefulset-runner
  repository: file://../statefulset-runner
  version: 0.1.0
- name: job-task-runner
  repository: file://../job-task-runner
  version: 0.1.0
- name: kpack-image-builder
  repository: file://../kpack-image-builder
  version: 0.1.0
digest: sha256:f2768d375ee98f3609c4d3bd4992e63801f3ad6526e1026809166fa544363c5c
generated: "2022-10-04T18:30:37.997542114+03:00"
