dependencies:
- name: controllers
  repository: file://../controllers
  version: 0.1.0
- name: api
  repository: file://../api
  version: 0.1.0
- name: statefulset-runner
  repository: file://../statefulset-runner
  version: 0.1.0
- name: job-task-runner
  repository: file://../job-task-runner
  version: 0.1.0
- name: kpack-image-builder
  repository: file://../kpack-image-builder
  version: 0.1.0
- name: contour-router
  repository: file://../contour-router
  version: 0.1.0
digest: sha256:2a82e115bc2e58d600af8a8d504bed241d0bf3241168fb3436a8992da2fbd3d2
generated: "2022-10-10T18:38:41.87080052+03:00"
